lockfileVersion: '9.0'

settings:
  autoInstallPeers: true
  excludeLinksFromLockfile: false

importers:

  .:
    dependencies:
      flowchart.ts:
        specifier: ^3.0.1
        version: 3.0.1

packages:

  '@types/raphael@2.3.10':
    resolution: {integrity: sha512-sgELhCMN2RihpyuqUFd+KBQ8QQQNrncCvWuuyIowKAU2tfa1CYz8IHqz0BtZXW0DdD2mTq4HWaq8aaoQMftKaA==}

  eve-raphael@0.5.0:
    resolution: {integrity: sha512-jrxnPsCGqng1UZuEp9DecX/AuSyAszATSjf4oEcRxvfxa1Oux4KkIPKBAAWWnpdwfARtr+Q0o9aPYWjsROD7ug==}

  flowchart.ts@3.0.1:
    resolution: {integrity: sha512-bBlP6IAe6A/Y9UXb27YhbGS39fTaGLHx1dyjNazIc0d6ntVGC2eIHP6siUQj9PMEX1M5vKXbTecpi+dn4Bhhjg==}
    engines: {node: ^18.0.0 || >= 20}

  raphael@2.3.0:
    resolution: {integrity: sha512-w2yIenZAQnp257XUWGni4bLMVxpUpcIl7qgxEgDIXtmSypYtlNxfXWpOBxs7LBTps5sDwhRnrToJrMUrivqNTQ==}

  tslib@2.8.1:
    resolution: {integrity: sha512-oJFu94HQb+KVduSUQL7wnpmqnfmLsOA/nAh6b6EH0wCEoK0/mPeXU6c3wKDV83MkOuHPRHtSXKKU99IBazS/2w==}

snapshots:

  '@types/raphael@2.3.10': {}

  eve-raphael@0.5.0: {}

  flowchart.ts@3.0.1:
    dependencies:
      '@types/raphael': 2.3.10
      raphael: 2.3.0
      tslib: 2.8.1

  raphael@2.3.0:
    dependencies:
      eve-raphael: 0.5.0

  tslib@2.8.1: {}
